
Microsoft Visual Studio Solution File, Format Version 12.00
# Visual Studio Version 17
VisualStudioVersion = 17.5.33530.505
MinimumVisualStudioVersion = 10.0.40219.1
Project("{FAE04EC0-301F-11D3-BF4B-00C04F79EFBC}") = "Tourism-Agency-AspNet-Web-Api", "Tourism-Agency-AspNet-Web-Api\Tourism-Agency-AspNet-Web-Api.csproj", "{EC7AEE70-2097-417C-B8F7-89293E984391}"
EndProject
Global
	GlobalSection(SolutionConfigurationPlatforms) = preSolution
		Debug|Any CPU = Debug|Any CPU
		Release|Any CPU = Release|Any CPU
	EndGlobalSection
	GlobalSection(ProjectConfigurationPlatforms) = postSolution
		{EC7AEE70-2097-417C-B8F7-89293E984391}.Debug|Any CPU.ActiveCfg = Debug|Any CPU
		{EC7AEE70-2097-417C-B8F7-89293E984391}.Debug|Any CPU.Build.0 = Debug|Any CPU
		{EC7AEE70-2097-417C-B8F7-89293E984391}.Release|Any CPU.ActiveCfg = Release|Any CPU
		{EC7AEE70-2097-417C-B8F7-89293E984391}.Release|Any CPU.Build.0 = Release|Any CPU
	EndGlobalSection
	GlobalSection(SolutionProperties) = preSolution
		HideSolutionNode = FALSE
	EndGlobalSection
	GlobalSection(ExtensibilityGlobals) = postSolution
		SolutionGuid = {3B0F7864-C336-4869-8B6C-6297C067BF5B}
	EndGlobalSection
EndGlobal
